// !$*UTF8*$!
{
	archiveVersion = 1;
	classes = {
	};
	objectVersion = 70;
	objects = {

/* Begin PBXBuildFile section */
		3EC3187E289BEEA300489F94 /* CGSizePlus.swift in Sources */ = {isa = PBXBuildFile; fileRef = 3EC3183B289BEEA300489F94 /* CGSizePlus.swift */; };
		3EC3187F289BEEA300489F94 /* CGFloatPlus.swift in Sources */ = {isa = PBXBuildFile; fileRef = 3EC3183C289BEEA300489F94 /* CGFloatPlus.swift */; };
		3EC31880289BEEA300489F94 /* CGRectPlus.swift in Sources */ = {isa = PBXBuildFile; fileRef = 3EC3183D289BEEA300489F94 /* CGRectPlus.swift */; };
		3EC31881289BEEA300489F94 /* CombinePlus.swift in Sources */ = {isa = PBXBuildFile; fileRef = 3EC3183F289BEEA300489F94 /* CombinePlus.swift */; };
		3EC31882289BEEA300489F94 /* UICollectionViewPlus.swift in Sources */ = {isa = PBXBuildFile; fileRef = 3EC31841289BEEA300489F94 /* UICollectionViewPlus.swift */; };
		3EC31883289BEEA300489F94 /* UIApplicationPlus.swift in Sources */ = {isa = PBXBuildFile; fileRef = 3EC31842289BEEA300489F94 /* UIApplicationPlus.swift */; };
		3EC31884289BEEA300489F94 /* UIImagePlus.swift in Sources */ = {isa = PBXBuildFile; fileRef = 3EC31843289BEEA300489F94 /* UIImagePlus.swift */; };
		3EC31885289BEEA300489F94 /* UITextInputPlus.swift in Sources */ = {isa = PBXBuildFile; fileRef = 3EC31844289BEEA300489F94 /* UITextInputPlus.swift */; };
		3EC31886289BEEA300489F94 /* UIEdgeInsetsPlus.swift in Sources */ = {isa = PBXBuildFile; fileRef = 3EC31845289BEEA300489F94 /* UIEdgeInsetsPlus.swift */; };
		3EC31887289BEEA300489F94 /* UIImageViewPlus.swift in Sources */ = {isa = PBXBuildFile; fileRef = 3EC31846289BEEA300489F94 /* UIImageViewPlus.swift */; };
		3EC31888289BEEA300489F94 /* UITabBarItemPlus.swift in Sources */ = {isa = PBXBuildFile; fileRef = 3EC31847289BEEA300489F94 /* UITabBarItemPlus.swift */; };
		3EC31889289BEEA300489F94 /* UIlabelPlus.swift in Sources */ = {isa = PBXBuildFile; fileRef = 3EC31848289BEEA300489F94 /* UIlabelPlus.swift */; };
		3EC3188A289BEEA300489F94 /* UITableViewPlus.swift in Sources */ = {isa = PBXBuildFile; fileRef = 3EC31849289BEEA300489F94 /* UITableViewPlus.swift */; };
		3EC3188B289BEEA300489F94 /* UIResponderPlus.swift in Sources */ = {isa = PBXBuildFile; fileRef = 3EC3184A289BEEA300489F94 /* UIResponderPlus.swift */; };
		3EC3188C289BEEA300489F94 /* UIStackViewPlus.swift in Sources */ = {isa = PBXBuildFile; fileRef = 3EC3184B289BEEA300489F94 /* UIStackViewPlus.swift */; };
		3EC3188D289BEEA300489F94 /* UIKitPlus.swift in Sources */ = {isa = PBXBuildFile; fileRef = 3EC3184C289BEEA300489F94 /* UIKitPlus.swift */; };
		3EC3188E289BEEA300489F94 /* UIColorPlus.swift in Sources */ = {isa = PBXBuildFile; fileRef = 3EC3184D289BEEA300489F94 /* UIColorPlus.swift */; };
		3EC3188F289BEEA300489F94 /* UIButtonPlus.swift in Sources */ = {isa = PBXBuildFile; fileRef = 3EC3184E289BEEA300489F94 /* UIButtonPlus.swift */; };
		3EC31890289BEEA300489F94 /* UIViewPlus.swift in Sources */ = {isa = PBXBuildFile; fileRef = 3EC3184F289BEEA300489F94 /* UIViewPlus.swift */; };
		3EC31891289BEEA300489F94 /* UIViewControllerPlus.swift in Sources */ = {isa = PBXBuildFile; fileRef = 3EC31850289BEEA300489F94 /* UIViewControllerPlus.swift */; };
		3EC31892289BEEA300489F94 /* UIDevicePlus.swift in Sources */ = {isa = PBXBuildFile; fileRef = 3EC31851289BEEA300489F94 /* UIDevicePlus.swift */; };
		3EC31893289BEEA300489F94 /* UIWindowPlus.swift in Sources */ = {isa = PBXBuildFile; fileRef = 3EC31852289BEEA300489F94 /* UIWindowPlus.swift */; };
		3EC31894289BEEA300489F94 /* DateFormatterPlus.swift in Sources */ = {isa = PBXBuildFile; fileRef = 3EC31854289BEEA300489F94 /* DateFormatterPlus.swift */; };
		3EC31896289BEEA300489F94 /* ResultBuilders.swift in Sources */ = {isa = PBXBuildFile; fileRef = 3EC31856289BEEA300489F94 /* ResultBuilders.swift */; };
		3EC31897289BEEA300489F94 /* NumberFormatterPlus.swift in Sources */ = {isa = PBXBuildFile; fileRef = 3EC31857289BEEA300489F94 /* NumberFormatterPlus.swift */; };
		3EC31898289BEEA300489F94 /* DatePlus.swift in Sources */ = {isa = PBXBuildFile; fileRef = 3EC31858289BEEA300489F94 /* DatePlus.swift */; };
		3EC31899289BEEA300489F94 /* CharacterSetPlus.swift in Sources */ = {isa = PBXBuildFile; fileRef = 3EC31859289BEEA300489F94 /* CharacterSetPlus.swift */; };
		3EC3189B289BEEA300489F94 /* DoublePlus.swift in Sources */ = {isa = PBXBuildFile; fileRef = 3EC3185C289BEEA300489F94 /* DoublePlus.swift */; };
		3EC3189C289BEEA300489F94 /* IntPlus.swift in Sources */ = {isa = PBXBuildFile; fileRef = 3EC3185D289BEEA300489F94 /* IntPlus.swift */; };
		3EC3189D289BEEA300489F94 /* Operators.swift in Sources */ = {isa = PBXBuildFile; fileRef = 3EC3185E289BEEA300489F94 /* Operators.swift */; };
		3EC3189F289BEEA300489F94 /* StringPlus.swift in Sources */ = {isa = PBXBuildFile; fileRef = 3EC31860289BEEA300489F94 /* StringPlus.swift */; };
		3EC318A0289BEEA300489F94 /* DataPlus.swift in Sources */ = {isa = PBXBuildFile; fileRef = 3EC31861289BEEA300489F94 /* DataPlus.swift */; };
		3EC318A1289BEEA300489F94 /* NSObjectPlus.swift in Sources */ = {isa = PBXBuildFile; fileRef = 3EC31862289BEEA300489F94 /* NSObjectPlus.swift */; };
		3EC318A4289BEEA300489F94 /* UIBaseTableViewCell.swift in Sources */ = {isa = PBXBuildFile; fileRef = 3EC31867289BEEA300489F94 /* UIBaseTableViewCell.swift */; };
		3EC318A5289BEEA300489F94 /* UIBaseView.swift in Sources */ = {isa = PBXBuildFile; fileRef = 3EC31868289BEEA300489F94 /* UIBaseView.swift */; };
		3EC318A6289BEEA300489F94 /* BaseViewController.swift in Sources */ = {isa = PBXBuildFile; fileRef = 3EC3186A289BEEA300489F94 /* BaseViewController.swift */; };
		3EC318A7289BEEA300489F94 /* BaseTableViewController.swift in Sources */ = {isa = PBXBuildFile; fileRef = 3EC3186B289BEEA300489F94 /* BaseTableViewController.swift */; };
		3EC318A8289BEEA300489F94 /* SwiftUIPlus.swift in Sources */ = {isa = PBXBuildFile; fileRef = 3EC3186D289BEEA300489F94 /* SwiftUIPlus.swift */; };
		DE55DA762E73EF8C003D7AA2 /* UIControlPlus.swift in Sources */ = {isa = PBXBuildFile; fileRef = DE55DA752E73EF8C003D7AA2 /* UIControlPlus.swift */; };
		DE66D8BF24C81432003B9206 /* README.md in Resources */ = {isa = PBXBuildFile; fileRef = DE66D8BE24C81432003B9206 /* README.md */; };
/* End PBXBuildFile section */

/* Begin PBXFileReference section */
		3EC3183B289BEEA300489F94 /* CGSizePlus.swift */ = {isa = PBXFileReference; fileEncoding = 4; lastKnownFileType = sourcecode.swift; path = CGSizePlus.swift; sourceTree = "<group>"; };
		3EC3183C289BEEA300489F94 /* CGFloatPlus.swift */ = {isa = PBXFileReference; fileEncoding = 4; lastKnownFileType = sourcecode.swift; path = CGFloatPlus.swift; sourceTree = "<group>"; };
		3EC3183D289BEEA300489F94 /* CGRectPlus.swift */ = {isa = PBXFileReference; fileEncoding = 4; lastKnownFileType = sourcecode.swift; path = CGRectPlus.swift; sourceTree = "<group>"; };
		3EC3183F289BEEA300489F94 /* CombinePlus.swift */ = {isa = PBXFileReference; fileEncoding = 4; lastKnownFileType = sourcecode.swift; path = CombinePlus.swift; sourceTree = "<group>"; };
		3EC31841289BEEA300489F94 /* UICollectionViewPlus.swift */ = {isa = PBXFileReference; fileEncoding = 4; lastKnownFileType = sourcecode.swift; path = UICollectionViewPlus.swift; sourceTree = "<group>"; };
		3EC31842289BEEA300489F94 /* UIApplicationPlus.swift */ = {isa = PBXFileReference; fileEncoding = 4; lastKnownFileType = sourcecode.swift; path = UIApplicationPlus.swift; sourceTree = "<group>"; };
		3EC31843289BEEA300489F94 /* UIImagePlus.swift */ = {isa = PBXFileReference; fileEncoding = 4; lastKnownFileType = sourcecode.swift; path = UIImagePlus.swift; sourceTree = "<group>"; };
		3EC31844289BEEA300489F94 /* UITextInputPlus.swift */ = {isa = PBXFileReference; fileEncoding = 4; lastKnownFileType = sourcecode.swift; path = UITextInputPlus.swift; sourceTree = "<group>"; };
		3EC31845289BEEA300489F94 /* UIEdgeInsetsPlus.swift */ = {isa = PBXFileReference; fileEncoding = 4; lastKnownFileType = sourcecode.swift; path = UIEdgeInsetsPlus.swift; sourceTree = "<group>"; };
		3EC31846289BEEA300489F94 /* UIImageViewPlus.swift */ = {isa = PBXFileReference; fileEncoding = 4; lastKnownFileType = sourcecode.swift; path = UIImageViewPlus.swift; sourceTree = "<group>"; };
		3EC31847289BEEA300489F94 /* UITabBarItemPlus.swift */ = {isa = PBXFileReference; fileEncoding = 4; lastKnownFileType = sourcecode.swift; path = UITabBarItemPlus.swift; sourceTree = "<group>"; };
		3EC31848289BEEA300489F94 /* UIlabelPlus.swift */ = {isa = PBXFileReference; fileEncoding = 4; lastKnownFileType = sourcecode.swift; path = UIlabelPlus.swift; sourceTree = "<group>"; };
		3EC31849289BEEA300489F94 /* UITableViewPlus.swift */ = {isa = PBXFileReference; fileEncoding = 4; lastKnownFileType = sourcecode.swift; path = UITableViewPlus.swift; sourceTree = "<group>"; };
		3EC3184A289BEEA300489F94 /* UIResponderPlus.swift */ = {isa = PBXFileReference; fileEncoding = 4; lastKnownFileType = sourcecode.swift; path = UIResponderPlus.swift; sourceTree = "<group>"; };
		3EC3184B289BEEA300489F94 /* UIStackViewPlus.swift */ = {isa = PBXFileReference; fileEncoding = 4; lastKnownFileType = sourcecode.swift; path = UIStackViewPlus.swift; sourceTree = "<group>"; };
		3EC3184C289BEEA300489F94 /* UIKitPlus.swift */ = {isa = PBXFileReference; fileEncoding = 4; lastKnownFileType = sourcecode.swift; path = UIKitPlus.swift; sourceTree = "<group>"; };
		3EC3184D289BEEA300489F94 /* UIColorPlus.swift */ = {isa = PBXFileReference; fileEncoding = 4; lastKnownFileType = sourcecode.swift; path = UIColorPlus.swift; sourceTree = "<group>"; };
		3EC3184E289BEEA300489F94 /* UIButtonPlus.swift */ = {isa = PBXFileReference; fileEncoding = 4; lastKnownFileType = sourcecode.swift; path = UIButtonPlus.swift; sourceTree = "<group>"; };
		3EC3184F289BEEA300489F94 /* UIViewPlus.swift */ = {isa = PBXFileReference; fileEncoding = 4; lastKnownFileType = sourcecode.swift; path = UIViewPlus.swift; sourceTree = "<group>"; };
		3EC31850289BEEA300489F94 /* UIViewControllerPlus.swift */ = {isa = PBXFileReference; fileEncoding = 4; lastKnownFileType = sourcecode.swift; path = UIViewControllerPlus.swift; sourceTree = "<group>"; };
		3EC31851289BEEA300489F94 /* UIDevicePlus.swift */ = {isa = PBXFileReference; fileEncoding = 4; lastKnownFileType = sourcecode.swift; path = UIDevicePlus.swift; sourceTree = "<group>"; };
		3EC31852289BEEA300489F94 /* UIWindowPlus.swift */ = {isa = PBXFileReference; fileEncoding = 4; lastKnownFileType = sourcecode.swift; path = UIWindowPlus.swift; sourceTree = "<group>"; };
		3EC31854289BEEA300489F94 /* DateFormatterPlus.swift */ = {isa = PBXFileReference; fileEncoding = 4; lastKnownFileType = sourcecode.swift; path = DateFormatterPlus.swift; sourceTree = "<group>"; };
		3EC31856289BEEA300489F94 /* ResultBuilders.swift */ = {isa = PBXFileReference; fileEncoding = 4; lastKnownFileType = sourcecode.swift; path = ResultBuilders.swift; sourceTree = "<group>"; };
		3EC31857289BEEA300489F94 /* NumberFormatterPlus.swift */ = {isa = PBXFileReference; fileEncoding = 4; lastKnownFileType = sourcecode.swift; path = NumberFormatterPlus.swift; sourceTree = "<group>"; };
		3EC31858289BEEA300489F94 /* DatePlus.swift */ = {isa = PBXFileReference; fileEncoding = 4; lastKnownFileType = sourcecode.swift; path = DatePlus.swift; sourceTree = "<group>"; };
		3EC31859289BEEA300489F94 /* CharacterSetPlus.swift */ = {isa = PBXFileReference; fileEncoding = 4; lastKnownFileType = sourcecode.swift; path = CharacterSetPlus.swift; sourceTree = "<group>"; };
		3EC3185C289BEEA300489F94 /* DoublePlus.swift */ = {isa = PBXFileReference; fileEncoding = 4; lastKnownFileType = sourcecode.swift; path = DoublePlus.swift; sourceTree = "<group>"; };
		3EC3185D289BEEA300489F94 /* IntPlus.swift */ = {isa = PBXFileReference; fileEncoding = 4; lastKnownFileType = sourcecode.swift; path = IntPlus.swift; sourceTree = "<group>"; };
		3EC3185E289BEEA300489F94 /* Operators.swift */ = {isa = PBXFileReference; fileEncoding = 4; lastKnownFileType = sourcecode.swift; path = Operators.swift; sourceTree = "<group>"; };
		3EC31860289BEEA300489F94 /* StringPlus.swift */ = {isa = PBXFileReference; fileEncoding = 4; lastKnownFileType = sourcecode.swift; path = StringPlus.swift; sourceTree = "<group>"; };
		3EC31861289BEEA300489F94 /* DataPlus.swift */ = {isa = PBXFileReference; fileEncoding = 4; lastKnownFileType = sourcecode.swift; path = DataPlus.swift; sourceTree = "<group>"; };
		3EC31862289BEEA300489F94 /* NSObjectPlus.swift */ = {isa = PBXFileReference; fileEncoding = 4; lastKnownFileType = sourcecode.swift; path = NSObjectPlus.swift; sourceTree = "<group>"; };
		3EC31867289BEEA300489F94 /* UIBaseTableViewCell.swift */ = {isa = PBXFileReference; fileEncoding = 4; lastKnownFileType = sourcecode.swift; path = UIBaseTableViewCell.swift; sourceTree = "<group>"; };
		3EC31868289BEEA300489F94 /* UIBaseView.swift */ = {isa = PBXFileReference; fileEncoding = 4; lastKnownFileType = sourcecode.swift; path = UIBaseView.swift; sourceTree = "<group>"; };
		3EC3186A289BEEA300489F94 /* BaseViewController.swift */ = {isa = PBXFileReference; fileEncoding = 4; lastKnownFileType = sourcecode.swift; path = BaseViewController.swift; sourceTree = "<group>"; };
		3EC3186B289BEEA300489F94 /* BaseTableViewController.swift */ = {isa = PBXFileReference; fileEncoding = 4; lastKnownFileType = sourcecode.swift; path = BaseTableViewController.swift; sourceTree = "<group>"; };
		3EC3186D289BEEA300489F94 /* SwiftUIPlus.swift */ = {isa = PBXFileReference; fileEncoding = 4; lastKnownFileType = sourcecode.swift; path = SwiftUIPlus.swift; sourceTree = "<group>"; };
		DE55DA752E73EF8C003D7AA2 /* UIControlPlus.swift */ = {isa = PBXFileReference; lastKnownFileType = sourcecode.swift; path = UIControlPlus.swift; sourceTree = "<group>"; };
		DE66D8A424C7F931003B9206 /* ExtensionDemo.app */ = {isa = PBXFileReference; explicitFileType = wrapper.application; includeInIndex = 0; path = ExtensionDemo.app; sourceTree = BUILT_PRODUCTS_DIR; };
		DE66D8BE24C81432003B9206 /* README.md */ = {isa = PBXFileReference; fileEncoding = 4; lastKnownFileType = net.daringfireball.markdown; name = README.md; path = ../README.md; sourceTree = "<group>"; };
/* End PBXFileReference section */

/* Begin PBXFileSystemSynchronizedBuildFileExceptionSet section */
		DE3CFDDB2E7D4A0B006A2FBF /* PBXFileSystemSynchronizedBuildFileExceptionSet */ = {
			isa = PBXFileSystemSynchronizedBuildFileExceptionSet;
			membershipExceptions = (
				Info.plist,
			);
			target = DE66D8A324C7F931003B9206 /* ExtensionDemo */;
		};
/* End PBXFileSystemSynchronizedBuildFileExceptionSet section */

/* Begin PBXFileSystemSynchronizedRootGroup section */
		DE3CFDD12E7D4A0A006A2FBF /* ExtensionDemo */ = {isa = PBXFileSystemSynchronizedRootGroup; exceptions = (DE3CFDDB2E7D4A0B006A2FBF /* PBXFileSystemSynchronizedBuildFileExceptionSet */, ); explicitFileTypes = {}; explicitFolders = (); path = ExtensionDemo; sourceTree = "<group>"; };
		DE3CFDFA2E7D4A0F006A2FBF /* BestPractice */ = {isa = PBXFileSystemSynchronizedRootGroup; explicitFileTypes = {}; explicitFolders = (); path = BestPractice; sourceTree = "<group>"; };
/* End PBXFileSystemSynchronizedRootGroup section */

/* Begin PBXFrameworksBuildPhase section */
		DE66D8A124C7F931003B9206 /* Frameworks */ = {
			isa = PBXFrameworksBuildPhase;
			buildActionMask = 2147483647;
			files = (
			);
			runOnlyForDeploymentPostprocessing = 0;
		};
/* End PBXFrameworksBuildPhase section */

/* Begin PBXGroup section */
		3EC31827289BEEA300489F94 /* Extensions */ = {
			isa = PBXGroup;
			children = (
				3EC3183A289BEEA300489F94 /* CoreGraphics */,
				3EC3183E289BEEA300489F94 /* Combine */,
				3EC31840289BEEA300489F94 /* UIKit */,
				3EC31853289BEEA300489F94 /* Foundation */,
				3EC31865289BEEA300489F94 /* Base */,
				3EC3186C289BEEA300489F94 /* SwiftUI */,
			);
			name = Extensions;
			path = ../Extensions;
			sourceTree = "<group>";
		};
		3EC3183A289BEEA300489F94 /* CoreGraphics */ = {
			isa = PBXGroup;
			children = (
				3EC3183B289BEEA300489F94 /* CGSizePlus.swift */,
				3EC3183C289BEEA300489F94 /* CGFloatPlus.swift */,
				3EC3183D289BEEA300489F94 /* CGRectPlus.swift */,
			);
			path = CoreGraphics;
			sourceTree = "<group>";
		};
		3EC3183E289BEEA300489F94 /* Combine */ = {
			isa = PBXGroup;
			children = (
				3EC3183F289BEEA300489F94 /* CombinePlus.swift */,
			);
			path = Combine;
			sourceTree = "<group>";
		};
		3EC31840289BEEA300489F94 /* UIKit */ = {
			isa = PBXGroup;
			children = (
				3EC31842289BEEA300489F94 /* UIApplicationPlus.swift */,
				3EC3184E289BEEA300489F94 /* UIButtonPlus.swift */,
				3EC31841289BEEA300489F94 /* UICollectionViewPlus.swift */,
				3EC3184D289BEEA300489F94 /* UIColorPlus.swift */,
				DE55DA752E73EF8C003D7AA2 /* UIControlPlus.swift */,
				3EC31851289BEEA300489F94 /* UIDevicePlus.swift */,
				3EC31845289BEEA300489F94 /* UIEdgeInsetsPlus.swift */,
				3EC31843289BEEA300489F94 /* UIImagePlus.swift */,
				3EC31846289BEEA300489F94 /* UIImageViewPlus.swift */,
				3EC3184C289BEEA300489F94 /* UIKitPlus.swift */,
				3EC31848289BEEA300489F94 /* UIlabelPlus.swift */,
				3EC3184A289BEEA300489F94 /* UIResponderPlus.swift */,
				3EC3184B289BEEA300489F94 /* UIStackViewPlus.swift */,
				3EC31847289BEEA300489F94 /* UITabBarItemPlus.swift */,
				3EC31849289BEEA300489F94 /* UITableViewPlus.swift */,
				3EC31844289BEEA300489F94 /* UITextInputPlus.swift */,
				3EC31850289BEEA300489F94 /* UIViewControllerPlus.swift */,
				3EC3184F289BEEA300489F94 /* UIViewPlus.swift */,
				3EC31852289BEEA300489F94 /* UIWindowPlus.swift */,
			);
			path = UIKit;
			sourceTree = "<group>";
		};
		3EC31853289BEEA300489F94 /* Foundation */ = {
			isa = PBXGroup;
			children = (
				3EC31854289BEEA300489F94 /* DateFormatterPlus.swift */,
				3EC31856289BEEA300489F94 /* ResultBuilders.swift */,
				3EC31857289BEEA300489F94 /* NumberFormatterPlus.swift */,
				3EC31858289BEEA300489F94 /* DatePlus.swift */,
				3EC31859289BEEA300489F94 /* CharacterSetPlus.swift */,
				3EC3185B289BEEA300489F94 /* Number */,
				3EC3185E289BEEA300489F94 /* Operators.swift */,
				3EC31860289BEEA300489F94 /* StringPlus.swift */,
				3EC31861289BEEA300489F94 /* DataPlus.swift */,
				3EC31862289BEEA300489F94 /* NSObjectPlus.swift */,
			);
			path = Foundation;
			sourceTree = "<group>";
		};
		3EC3185B289BEEA300489F94 /* Number */ = {
			isa = PBXGroup;
			children = (
				3EC3185C289BEEA300489F94 /* DoublePlus.swift */,
				3EC3185D289BEEA300489F94 /* IntPlus.swift */,
			);
			path = Number;
			sourceTree = "<group>";
		};
		3EC31865289BEEA300489F94 /* Base */ = {
			isa = PBXGroup;
			children = (
				3EC31866289BEEA300489F94 /* BaseView */,
				3EC31869289BEEA300489F94 /* Controller */,
			);
			path = Base;
			sourceTree = "<group>";
		};
		3EC31866289BEEA300489F94 /* BaseView */ = {
			isa = PBXGroup;
			children = (
				3EC31867289BEEA300489F94 /* UIBaseTableViewCell.swift */,
				3EC31868289BEEA300489F94 /* UIBaseView.swift */,
			);
			path = BaseView;
			sourceTree = "<group>";
		};
		3EC31869289BEEA300489F94 /* Controller */ = {
			isa = PBXGroup;
			children = (
				3EC3186A289BEEA300489F94 /* BaseViewController.swift */,
				3EC3186B289BEEA300489F94 /* BaseTableViewController.swift */,
			);
			path = Controller;
			sourceTree = "<group>";
		};
		3EC3186C289BEEA300489F94 /* SwiftUI */ = {
			isa = PBXGroup;
			children = (
				3EC3186D289BEEA300489F94 /* SwiftUIPlus.swift */,
			);
			path = SwiftUI;
			sourceTree = "<group>";
		};
		DE66D89B24C7F931003B9206 = {
			isa = PBXGroup;
			children = (
				DE3CFDFA2E7D4A0F006A2FBF /* BestPractice */,
				DE3CFDD12E7D4A0A006A2FBF /* ExtensionDemo */,
				3EC31827289BEEA300489F94 /* Extensions */,
				DE66D8A524C7F931003B9206 /* Products */,
				DE66D8BE24C81432003B9206 /* README.md */,
			);
			sourceTree = "<group>";
			usesTabs = 1;
		};
		DE66D8A524C7F931003B9206 /* Products */ = {
			isa = PBXGroup;
			children = (
				DE66D8A424C7F931003B9206 /* ExtensionDemo.app */,
			);
			name = Products;
			sourceTree = "<group>";
		};
/* End PBXGroup section */

/* Begin PBXNativeTarget section */
		DE66D8A324C7F931003B9206 /* ExtensionDemo */ = {
			isa = PBXNativeTarget;
			buildConfigurationList = DE66D8B824C7F935003B9206 /* Build configuration list for PBXNativeTarget "ExtensionDemo" */;
			buildPhases = (
				DE66D8A024C7F931003B9206 /* Sources */,
				DE66D8A124C7F931003B9206 /* Frameworks */,
				DE66D8A224C7F931003B9206 /* Resources */,
			);
			buildRules = (
			);
			dependencies = (
			);
			fileSystemSynchronizedGroups = (
				DE3CFDD12E7D4A0A006A2FBF /* ExtensionDemo */,
				DE3CFDFA2E7D4A0F006A2FBF /* BestPractice */,
			);
			name = ExtensionDemo;
			productName = ExtensionDemo;
			productReference = DE66D8A424C7F931003B9206 /* ExtensionDemo.app */;
			productType = "com.apple.product-type.application";
		};
/* End PBXNativeTarget section */

/* Begin PBXProject section */
		DE66D89C24C7F931003B9206 /* Project object */ = {
			isa = PBXProject;
			attributes = {
				LastSwiftUpdateCheck = 1160;
				LastUpgradeCheck = 1230;
				ORGANIZATIONNAME = Choi;
				TargetAttributes = {
					DE66D8A324C7F931003B9206 = {
						CreatedOnToolsVersion = 11.6;
					};
				};
			};
			buildConfigurationList = DE66D89F24C7F931003B9206 /* Build configuration list for PBXProject "ExtensionDemo" */;
			compatibilityVersion = "Xcode 9.3";
			developmentRegion = en;
			hasScannedForEncodings = 0;
			knownRegions = (
				en,
				Base,
			);
			mainGroup = DE66D89B24C7F931003B9206;
			productRefGroup = DE66D8A524C7F931003B9206 /* Products */;
			projectDirPath = "";
			projectRoot = "";
			targets = (
				DE66D8A324C7F931003B9206 /* ExtensionDemo */,
			);
		};
/* End PBXProject section */

/* Begin PBXResourcesBuildPhase section */
		DE66D8A224C7F931003B9206 /* Resources */ = {
			isa = PBXResourcesBuildPhase;
			buildActionMask = 2147483647;
			files = (
				DE66D8BF24C81432003B9206 /* README.md in Resources */,
			);
			runOnlyForDeploymentPostprocessing = 0;
		};
/* End PBXResourcesBuildPhase section */

/* Begin PBXSourcesBuildPhase section */
		DE66D8A024C7F931003B9206 /* Sources */ = {
			isa = PBXSourcesBuildPhase;
			buildActionMask = 2147483647;
			files = (
				3EC31884289BEEA300489F94 /* UIImagePlus.swift in Sources */,
				3EC31898289BEEA300489F94 /* DatePlus.swift in Sources */,
				3EC3188C289BEEA300489F94 /* UIStackViewPlus.swift in Sources */,
				3EC31890289BEEA300489F94 /* UIViewPlus.swift in Sources */,
				3EC31881289BEEA300489F94 /* CombinePlus.swift in Sources */,
				3EC318A6289BEEA300489F94 /* BaseViewController.swift in Sources */,
				3EC31892289BEEA300489F94 /* UIDevicePlus.swift in Sources */,
				3EC31897289BEEA300489F94 /* NumberFormatterPlus.swift in Sources */,
				3EC318A0289BEEA300489F94 /* DataPlus.swift in Sources */,
				3EC31894289BEEA300489F94 /* DateFormatterPlus.swift in Sources */,
				3EC31880289BEEA300489F94 /* CGRectPlus.swift in Sources */,
				3EC318A4289BEEA300489F94 /* UIBaseTableViewCell.swift in Sources */,
				3EC31896289BEEA300489F94 /* ResultBuilders.swift in Sources */,
				3EC3188F289BEEA300489F94 /* UIButtonPlus.swift in Sources */,
				3EC318A8289BEEA300489F94 /* SwiftUIPlus.swift in Sources */,
				3EC3188A289BEEA300489F94 /* UITableViewPlus.swift in Sources */,
				3EC3187F289BEEA300489F94 /* CGFloatPlus.swift in Sources */,
				3EC31888289BEEA300489F94 /* UITabBarItemPlus.swift in Sources */,
				3EC3188D289BEEA300489F94 /* UIKitPlus.swift in Sources */,
				3EC318A1289BEEA300489F94 /* NSObjectPlus.swift in Sources */,
				3EC31886289BEEA300489F94 /* UIEdgeInsetsPlus.swift in Sources */,
				3EC318A7289BEEA300489F94 /* BaseTableViewController.swift in Sources */,
				3EC3189F289BEEA300489F94 /* StringPlus.swift in Sources */,
				3EC31889289BEEA300489F94 /* UIlabelPlus.swift in Sources */,
				3EC31885289BEEA300489F94 /* UITextInputPlus.swift in Sources */,
				3EC3189D289BEEA300489F94 /* Operators.swift in Sources */,
				3EC3189C289BEEA300489F94 /* IntPlus.swift in Sources */,
				3EC31882289BEEA300489F94 /* UICollectionViewPlus.swift in Sources */,
				3EC31891289BEEA300489F94 /* UIViewControllerPlus.swift in Sources */,
				3EC3187E289BEEA300489F94 /* CGSizePlus.swift in Sources */,
				DE55DA762E73EF8C003D7AA2 /* UIControlPlus.swift in Sources */,
				3EC3189B289BEEA300489F94 /* DoublePlus.swift in Sources */,
				3EC31893289BEEA300489F94 /* UIWindowPlus.swift in Sources */,
				3EC31899289BEEA300489F94 /* CharacterSetPlus.swift in Sources */,
				3EC318A5289BEEA300489F94 /* UIBaseView.swift in Sources */,
				3EC3188B289BEEA300489F94 /* UIResponderPlus.swift in Sources */,
				3EC3188E289BEEA300489F94 /* UIColorPlus.swift in Sources */,
				3EC31883289BEEA300489F94 /* UIApplicationPlus.swift in Sources */,
				3EC31887289BEEA300489F94 /* UIImageViewPlus.swift in Sources */,
			);
			runOnlyForDeploymentPostprocessing = 0;
		};
/* End PBXSourcesBuildPhase section */

/* Begin XCBuildConfiguration section */
		DE66D8B624C7F935003B9206 /* Debug */ = {
			isa = XCBuildConfiguration;
			buildSettings = {
				ALWAYS_SEARCH_USER_PATHS = NO;
				CLANG_ANALYZER_LOCALIZABILITY_NONLOCALIZED = YES;
				CLANG_ANALYZER_NONNULL = YES;
				CLANG_ANALYZER_NUMBER_OBJECT_CONVERSION = YES_AGGRESSIVE;
				CLANG_CXX_LANGUAGE_STANDARD = "gnu++14";
				CLANG_CXX_LIBRARY = "libc++";
				CLANG_ENABLE_MODULES = YES;
				CLANG_ENABLE_OBJC_ARC = YES;
				CLANG_ENABLE_OBJC_WEAK = YES;
				CLANG_WARN_BLOCK_CAPTURE_AUTORELEASING = YES;
				CLANG_WARN_BOOL_CONVERSION = YES;
				CLANG_WARN_COMMA = YES;
				CLANG_WARN_CONSTANT_CONVERSION = YES;
				CLANG_WARN_DEPRECATED_OBJC_IMPLEMENTATIONS = YES;
				CLANG_WARN_DIRECT_OBJC_ISA_USAGE = YES_ERROR;
				CLANG_WARN_DOCUMENTATION_COMMENTS = YES;
				CLANG_WARN_EMPTY_BODY = YES;
				CLANG_WARN_ENUM_CONVERSION = YES;
				CLANG_WARN_INFINITE_RECURSION = YES;
				CLANG_WARN_INT_CONVERSION = YES;
				CLANG_WARN_NON_LITERAL_NULL_CONVERSION = YES;
				CLANG_WARN_OBJC_IMPLICIT_RETAIN_SELF = YES;
				CLANG_WARN_OBJC_LITERAL_CONVERSION = YES;
				CLANG_WARN_OBJC_ROOT_CLASS = YES_ERROR;
				CLANG_WARN_QUOTED_INCLUDE_IN_FRAMEWORK_HEADER = YES;
				CLANG_WARN_RANGE_LOOP_ANALYSIS = YES;
				CLANG_WARN_STRICT_PROTOTYPES = YES;
				CLANG_WARN_SUSPICIOUS_MOVE = YES;
				CLANG_WARN_UNGUARDED_AVAILABILITY = YES_AGGRESSIVE;
				CLANG_WARN_UNREACHABLE_CODE = YES;
				CLANG_WARN__DUPLICATE_METHOD_MATCH = YES;
				COPY_PHASE_STRIP = NO;
				DEBUG_INFORMATION_FORMAT = dwarf;
				ENABLE_STRICT_OBJC_MSGSEND = YES;
				ENABLE_TESTABILITY = YES;
				GCC_C_LANGUAGE_STANDARD = gnu11;
				GCC_DYNAMIC_NO_PIC = NO;
				GCC_NO_COMMON_BLOCKS = YES;
				GCC_OPTIMIZATION_LEVEL = 0;
				GCC_PREPROCESSOR_DEFINITIONS = (
					"DEBUG=1",
					"$(inherited)",
				);
				GCC_WARN_64_TO_32_BIT_CONVERSION = YES;
				GCC_WARN_ABOUT_RETURN_TYPE = YES_ERROR;
				GCC_WARN_UNDECLARED_SELECTOR = YES;
				GCC_WARN_UNINITIALIZED_AUTOS = YES_AGGRESSIVE;
				GCC_WARN_UNUSED_FUNCTION = YES;
				GCC_WARN_UNUSED_VARIABLE = YES;
				IPHONEOS_DEPLOYMENT_TARGET = 13.0;
				MTL_ENABLE_DEBUG_INFO = INCLUDE_SOURCE;
				MTL_FAST_MATH = YES;
				ONLY_ACTIVE_ARCH = YES;
				SDKROOT = iphoneos;
				SWIFT_ACTIVE_COMPILATION_CONDITIONS = DEBUG;
				SWIFT_OPTIMIZATION_LEVEL = "-Onone";
				SWIFT_VERSION = 5.0;
			};
			name = Debug;
		};
		DE66D8B724C7F935003B9206 /* Release */ = {
			isa = XCBuildConfiguration;
			buildSettings = {
				ALWAYS_SEARCH_USER_PATHS = NO;
				CLANG_ANALYZER_LOCALIZABILITY_NONLOCALIZED = YES;
				CLANG_ANALYZER_NONNULL = YES;
				CLANG_ANALYZER_NUMBER_OBJECT_CONVERSION = YES_AGGRESSIVE;
				CLANG_CXX_LANGUAGE_STANDARD = "gnu++14";
				CLANG_CXX_LIBRARY = "libc++";
				CLANG_ENABLE_MODULES = YES;
				CLANG_ENABLE_OBJC_ARC = YES;
				CLANG_ENABLE_OBJC_WEAK = YES;
				CLANG_WARN_BLOCK_CAPTURE_AUTORELEASING = YES;
				CLANG_WARN_BOOL_CONVERSION = YES;
				CLANG_WARN_COMMA = YES;
				CLANG_WARN_CONSTANT_CONVERSION = YES;
				CLANG_WARN_DEPRECATED_OBJC_IMPLEMENTATIONS = YES;
				CLANG_WARN_DIRECT_OBJC_ISA_USAGE = YES_ERROR;
				CLANG_WARN_DOCUMENTATION_COMMENTS = YES;
				CLANG_WARN_EMPTY_BODY = YES;
				CLANG_WARN_ENUM_CONVERSION = YES;
				CLANG_WARN_INFINITE_RECURSION = YES;
				CLANG_WARN_INT_CONVERSION = YES;
				CLANG_WARN_NON_LITERAL_NULL_CONVERSION = YES;
				CLANG_WARN_OBJC_IMPLICIT_RETAIN_SELF = YES;
				CLANG_WARN_OBJC_LITERAL_CONVERSION = YES;
				CLANG_WARN_OBJC_ROOT_CLASS = YES_ERROR;
				CLANG_WARN_QUOTED_INCLUDE_IN_FRAMEWORK_HEADER = YES;
				CLANG_WARN_RANGE_LOOP_ANALYSIS = YES;
				CLANG_WARN_STRICT_PROTOTYPES = YES;
				CLANG_WARN_SUSPICIOUS_MOVE = YES;
				CLANG_WARN_UNGUARDED_AVAILABILITY = YES_AGGRESSIVE;
				CLANG_WARN_UNREACHABLE_CODE = YES;
				CLANG_WARN__DUPLICATE_METHOD_MATCH = YES;
				COPY_PHASE_STRIP = NO;
				DEBUG_INFORMATION_FORMAT = "dwarf-with-dsym";
				ENABLE_NS_ASSERTIONS = NO;
				ENABLE_STRICT_OBJC_MSGSEND = YES;
				GCC_C_LANGUAGE_STANDARD = gnu11;
				GCC_NO_COMMON_BLOCKS = YES;
				GCC_WARN_64_TO_32_BIT_CONVERSION = YES;
				GCC_WARN_ABOUT_RETURN_TYPE = YES_ERROR;
				GCC_WARN_UNDECLARED_SELECTOR = YES;
				GCC_WARN_UNINITIALIZED_AUTOS = YES_AGGRESSIVE;
				GCC_WARN_UNUSED_FUNCTION = YES;
				GCC_WARN_UNUSED_VARIABLE = YES;
				IPHONEOS_DEPLOYMENT_TARGET = 13.0;
				MTL_ENABLE_DEBUG_INFO = NO;
				MTL_FAST_MATH = YES;
				SDKROOT = iphoneos;
				SWIFT_COMPILATION_MODE = wholemodule;
				SWIFT_OPTIMIZATION_LEVEL = "-O";
				SWIFT_VERSION = 5.0;
				VALIDATE_PRODUCT = YES;
			};
			name = Release;
		};
		DE66D8B924C7F935003B9206 /* Debug */ = {
			isa = XCBuildConfiguration;
			buildSettings = {
				ASSETCATALOG_COMPILER_APPICON_NAME = AppIcon;
				CODE_SIGN_IDENTITY = "Apple Development";
				CODE_SIGN_STYLE = Automatic;
				DEVELOPMENT_TEAM = J9VJ6K6A86;
				INFOPLIST_FILE = ExtensionDemo/Info.plist;
				IPHONEOS_DEPLOYMENT_TARGET = 13.0;
				LD_RUNPATH_SEARCH_PATHS = (
					"$(inherited)",
					"@executable_path/Frameworks",
				);
				PRODUCT_BUNDLE_IDENTIFIER = choi.studio.extension.demo;
				PRODUCT_NAME = "$(TARGET_NAME)";
				PROVISIONING_PROFILE_SPECIFIER = "";
				TARGETED_DEVICE_FAMILY = "1,2";
			};
			name = Debug;
		};
		DE66D8BA24C7F935003B9206 /* Release */ = {
			isa = XCBuildConfiguration;
			buildSettings = {
				ASSETCATALOG_COMPILER_APPICON_NAME = AppIcon;
				CODE_SIGN_IDENTITY = "Apple Development";
				CODE_SIGN_STYLE = Automatic;
				DEVELOPMENT_TEAM = J9VJ6K6A86;
				INFOPLIST_FILE = ExtensionDemo/Info.plist;
				IPHONEOS_DEPLOYMENT_TARGET = 13.0;
				LD_RUNPATH_SEARCH_PATHS = (
					"$(inherited)",
					"@executable_path/Frameworks",
				);
				PRODUCT_BUNDLE_IDENTIFIER = choi.studio.extension.demo;
				PRODUCT_NAME = "$(TARGET_NAME)";
				PROVISIONING_PROFILE_SPECIFIER = "";
				TARGETED_DEVICE_FAMILY = "1,2";
			};
			name = Release;
		};
/* End XCBuildConfiguration section */

/* Begin XCConfigurationList section */
		DE66D89F24C7F931003B9206 /* Build configuration list for PBXProject "ExtensionDemo" */ = {
			isa = XCConfigurationList;
			buildConfigurations = (
				DE66D8B624C7F935003B9206 /* Debug */,
				DE66D8B724C7F935003B9206 /* Release */,
			);
			defaultConfigurationIsVisible = 0;
			defaultConfigurationName = Release;
		};
		DE66D8B824C7F935003B9206 /* Build configuration list for PBXNativeTarget "ExtensionDemo" */ = {
			isa = XCConfigurationList;
			buildConfigurations = (
				DE66D8B924C7F935003B9206 /* Debug */,
				DE66D8BA24C7F935003B9206 /* Release */,
			);
			defaultConfigurationIsVisible = 0;
			defaultConfigurationName = Release;
		};
/* End XCConfigurationList section */
	};
	rootObject = DE66D89C24C7F931003B9206 /* Project object */;
}
